
Microsoft Visual Studio Solution File, Format Version 12.00
# Visual Studio 15
VisualStudioVersion = 15.0.27004.2009
MinimumVisualStudioVersion = 10.0.40219.1
Project("{D954291E-2A0B-460D-934E-DC6B0785DB48}") = "CryptoTrackr", "CryptoTrackr\CryptoTrackr\CryptoTrackr.shproj", "{5DFC75FD-686C-4A9B-85A2-0BFE9A8E6D13}"
EndProject
Project("{FAE04EC0-301F-11D3-BF4B-00C04F79EFBC}") = "CryptoTrackr.Android", "CryptoTrackr\CryptoTrackr.Android\CryptoTrackr.Android.csproj", "{D4E8C4A8-563B-41AC-BC87-9BF29A170200}"
EndProject
Project("{FAE04EC0-301F-11D3-BF4B-00C04F79EFBC}") = "CryptoTrackr.iOS", "CryptoTrackr\CryptoTrackr.iOS\CryptoTrackr.iOS.csproj", "{1534B52F-C4F3-44C7-99E8-3EDAC21BC95F}"
EndProject
Project("{FAE04EC0-301F-11D3-BF4B-00C04F79EFBC}") = "CryptoTrackr.UWP", "CryptoTrackr\CryptoTrackr.UWP\CryptoTrackr.UWP.csproj", "{3CC41C00-2F0F-41F8-B7AE-F36A148204D9}"
EndProject
Global
	GlobalSection(SharedMSBuildProjectFiles) = preSolution
		CryptoTrackr\CryptoTrackr\CryptoTrackr.projitems*{1534b52f-c4f3-44c7-99e8-3edac21bc95f}*SharedItemsImports = 4
		CryptoTrackr\CryptoTrackr\CryptoTrackr.projitems*{3cc41c00-2f0f-41f8-b7ae-f36a148204d9}*SharedItemsImports = 4
		CryptoTrackr\CryptoTrackr\CryptoTrackr.projitems*{5dfc75fd-686c-4a9b-85a2-0bfe9a8e6d13}*SharedItemsImports = 13
		CryptoTrackr\CryptoTrackr\CryptoTrackr.projitems*{d4e8c4a8-563b-41ac-bc87-9bf29a170200}*SharedItemsImports = 4
	EndGlobalSection
	GlobalSection(SolutionConfigurationPlatforms) = preSolution
		Debug|Any CPU = Debug|Any CPU
		Debug|ARM = Debug|ARM
		Debug|iPhone = Debug|iPhone
		Debug|iPhoneSimulator = Debug|iPhoneSimulator
		Debug|x64 = Debug|x64
		Debug|x86 = Debug|x86
		Release|Any CPU = Release|Any CPU
		Release|ARM = Release|ARM
		Release|iPhone = Release|iPhone
		Release|iPhoneSimulator = Release|iPhoneSimulator
		Release|x64 = Release|x64
		Release|x86 = Release|x86
	EndGlobalSection
	GlobalSection(ProjectConfigurationPlatforms) = postSolution
		{D4E8C4A8-563B-41AC-BC87-9BF29A170200}.Debug|Any CPU.ActiveCfg = Debug|Any CPU
		{D4E8C4A8-563B-41AC-BC87-9BF29A170200}.Debug|Any CPU.Build.0 = Debug|Any CPU
		{D4E8C4A8-563B-41AC-BC87-9BF29A170200}.Debug|Any CPU.Deploy.0 = Debug|Any CPU
		{D4E8C4A8-563B-41AC-BC87-9BF29A170200}.Debug|ARM.ActiveCfg = Debug|Any CPU
		{D4E8C4A8-563B-41AC-BC87-9BF29A170200}.Debug|ARM.Build.0 = Debug|Any CPU
		{D4E8C4A8-563B-41AC-BC87-9BF29A170200}.Debug|ARM.Deploy.0 = Debug|Any CPU
		{D4E8C4A8-563B-41AC-BC87-9BF29A170200}.Debug|iPhone.ActiveCfg = Debug|Any CPU
		{D4E8C4A8-563B-41AC-BC87-9BF29A170200}.Debug|iPhone.Build.0 = Debug|Any CPU
		{D4E8C4A8-563B-41AC-BC87-9BF29A170200}.Debug|iPhone.Deploy.0 = Debug|Any CPU
		{D4E8C4A8-563B-41AC-BC87-9BF29A170200}.Debug|iPhoneSimulator.ActiveCfg = Debug|Any CPU
		{D4E8C4A8-563B-41AC-BC87-9BF29A170200}.Debug|iPhoneSimulator.Build.0 = Debug|Any CPU
		{D4E8C4A8-563B-41AC-BC87-9BF29A170200}.Debug|iPhoneSimulator.Deploy.0 = Debug|Any CPU
		{D4E8C4A8-563B-41AC-BC87-9BF29A170200}.Debug|x64.ActiveCfg = Debug|Any CPU
		{D4E8C4A8-563B-41AC-BC87-9BF29A170200}.Debug|x64.Build.0 = Debug|Any CPU
		{D4E8C4A8-563B-41AC-BC87-9BF29A170200}.Debug|x64.Deploy.0 = Debug|Any CPU
		{D4E8C4A8-563B-41AC-BC87-9BF29A170200}.Debug|x86.ActiveCfg = Debug|Any CPU
		{D4E8C4A8-563B-41AC-BC87-9BF29A170200}.Debug|x86.Build.0 = Debug|Any CPU
		{D4E8C4A8-563B-41AC-BC87-9BF29A170200}.Debug|x86.Deploy.0 = Debug|Any CPU
		{D4E8C4A8-563B-41AC-BC87-9BF29A170200}.Release|Any CPU.ActiveCfg = Release|Any CPU
		{D4E8C4A8-563B-41AC-BC87-9BF29A170200}.Release|Any CPU.Build.0 = Release|Any CPU
		{D4E8C4A8-563B-41AC-BC87-9BF29A170200}.Release|Any CPU.Deploy.0 = Release|Any CPU
		{D4E8C4A8-563B-41AC-BC87-9BF29A170200}.Release|ARM.ActiveCfg = Release|Any CPU
		{D4E8C4A8-563B-41AC-BC87-9BF29A170200}.Release|ARM.Build.0 = Release|Any CPU
		{D4E8C4A8-563B-41AC-BC87-9BF29A170200}.Release|ARM.Deploy.0 = Release|Any CPU
		{D4E8C4A8-563B-41AC-BC87-9BF29A170200}.Release|iPhone.ActiveCfg = Release|Any CPU
		{D4E8C4A8-563B-41AC-BC87-9BF29A170200}.Release|iPhone.Build.0 = Release|Any CPU
		{D4E8C4A8-563B-41AC-BC87-9BF29A170200}.Release|iPhone.Deploy.0 = Release|Any CPU
		{D4E8C4A8-563B-41AC-BC87-9BF29A170200}.Release|iPhoneSimulator.ActiveCfg = Release|Any CPU
		{D4E8C4A8-563B-41AC-BC87-9BF29A170200}.Release|iPhoneSimulator.Build.0 = Release|Any CPU
		{D4E8C4A8-563B-41AC-BC87-9BF29A170200}.Release|iPhoneSimulator.Deploy.0 = Release|Any CPU
		{D4E8C4A8-563B-41AC-BC87-9BF29A170200}.Release|x64.ActiveCfg = Release|Any CPU
		{D4E8C4A8-563B-41AC-BC87-9BF29A170200}.Release|x64.Build.0 = Release|Any CPU
		{D4E8C4A8-563B-41AC-BC87-9BF29A170200}.Release|x64.Deploy.0 = Release|Any CPU
		{D4E8C4A8-563B-41AC-BC87-9BF29A170200}.Release|x86.ActiveCfg = Release|Any CPU
		{D4E8C4A8-563B-41AC-BC87-9BF29A170200}.Release|x86.Build.0 = Release|Any CPU
		{D4E8C4A8-563B-41AC-BC87-9BF29A170200}.Release|x86.Deploy.0 = Release|Any CPU
		{1534B52F-C4F3-44C7-99E8-3EDAC21BC95F}.Debug|Any CPU.ActiveCfg = Debug|iPhoneSimulator
		{1534B52F-C4F3-44C7-99E8-3EDAC21BC95F}.Debug|ARM.ActiveCfg = Debug|iPhone
		{1534B52F-C4F3-44C7-99E8-3EDAC21BC95F}.Debug|iPhone.ActiveCfg = Debug|iPhone
		{1534B52F-C4F3-44C7-99E8-3EDAC21BC95F}.Debug|iPhone.Build.0 = Debug|iPhone
		{1534B52F-C4F3-44C7-99E8-3EDAC21BC95F}.Debug|iPhoneSimulator.ActiveCfg = Debug|iPhoneSimulator
		{1534B52F-C4F3-44C7-99E8-3EDAC21BC95F}.Debug|iPhoneSimulator.Build.0 = Debug|iPhoneSimulator
		{1534B52F-C4F3-44C7-99E8-3EDAC21BC95F}.Debug|x64.ActiveCfg = Debug|iPhone
		{1534B52F-C4F3-44C7-99E8-3EDAC21BC95F}.Debug|x86.ActiveCfg = Debug|iPhone
		{1534B52F-C4F3-44C7-99E8-3EDAC21BC95F}.Release|Any CPU.ActiveCfg = Release|iPhoneSimulator
		{1534B52F-C4F3-44C7-99E8-3EDAC21BC95F}.Release|ARM.ActiveCfg = Release|iPhone
		{1534B52F-C4F3-44C7-99E8-3EDAC21BC95F}.Release|iPhone.ActiveCfg = Release|iPhone
		{1534B52F-C4F3-44C7-99E8-3EDAC21BC95F}.Release|iPhone.Build.0 = Release|iPhone
		{1534B52F-C4F3-44C7-99E8-3EDAC21BC95F}.Release|iPhoneSimulator.ActiveCfg = Release|iPhoneSimulator
		{1534B52F-C4F3-44C7-99E8-3EDAC21BC95F}.Release|iPhoneSimulator.Build.0 = Release|iPhoneSimulator
		{1534B52F-C4F3-44C7-99E8-3EDAC21BC95F}.Release|x64.ActiveCfg = Release|iPhone
		{1534B52F-C4F3-44C7-99E8-3EDAC21BC95F}.Release|x86.ActiveCfg = Release|iPhone
		{3CC41C00-2F0F-41F8-B7AE-F36A148204D9}.Debug|Any CPU.ActiveCfg = Debug|x86
		{3CC41C00-2F0F-41F8-B7AE-F36A148204D9}.Debug|ARM.ActiveCfg = Debug|ARM
		{3CC41C00-2F0F-41F8-B7AE-F36A148204D9}.Debug|ARM.Build.0 = Debug|ARM
		{3CC41C00-2F0F-41F8-B7AE-F36A148204D9}.Debug|ARM.Deploy.0 = Debug|ARM
		{3CC41C00-2F0F-41F8-B7AE-F36A148204D9}.Debug|iPhone.ActiveCfg = Debug|x86
		{3CC41C00-2F0F-41F8-B7AE-F36A148204D9}.Debug|iPhoneSimulator.ActiveCfg = Debug|x86
		{3CC41C00-2F0F-41F8-B7AE-F36A148204D9}.Debug|x64.ActiveCfg = Debug|x64
		{3CC41C00-2F0F-41F8-B7AE-F36A148204D9}.Debug|x64.Build.0 = Debug|x64
		{3CC41C00-2F0F-41F8-B7AE-F36A148204D9}.Debug|x64.Deploy.0 = Debug|x64
		{3CC41C00-2F0F-41F8-B7AE-F36A148204D9}.Debug|x86.ActiveCfg = Debug|x86
		{3CC41C00-2F0F-41F8-B7AE-F36A148204D9}.Debug|x86.Build.0 = Debug|x86
		{3CC41C00-2F0F-41F8-B7AE-F36A148204D9}.Debug|x86.Deploy.0 = Debug|x86
		{3CC41C00-2F0F-41F8-B7AE-F36A148204D9}.Release|Any CPU.ActiveCfg = Release|x86
		{3CC41C00-2F0F-41F8-B7AE-F36A148204D9}.Release|ARM.ActiveCfg = Release|ARM
		{3CC41C00-2F0F-41F8-B7AE-F36A148204D9}.Release|ARM.Build.0 = Release|ARM
		{3CC41C00-2F0F-41F8-B7AE-F36A148204D9}.Release|ARM.Deploy.0 = Release|ARM
		{3CC41C00-2F0F-41F8-B7AE-F36A148204D9}.Release|iPhone.ActiveCfg = Release|x86
		{3CC41C00-2F0F-41F8-B7AE-F36A148204D9}.Release|iPhoneSimulator.ActiveCfg = Release|x86
		{3CC41C00-2F0F-41F8-B7AE-F36A148204D9}.Release|x64.ActiveCfg = Release|x64
		{3CC41C00-2F0F-41F8-B7AE-F36A148204D9}.Release|x64.Build.0 = Release|x64
		{3CC41C00-2F0F-41F8-B7AE-F36A148204D9}.Release|x64.Deploy.0 = Release|x64
		{3CC41C00-2F0F-41F8-B7AE-F36A148204D9}.Release|x86.ActiveCfg = Release|x86
		{3CC41C00-2F0F-41F8-B7AE-F36A148204D9}.Release|x86.Build.0 = Release|x86
		{3CC41C00-2F0F-41F8-B7AE-F36A148204D9}.Release|x86.Deploy.0 = Release|x86
	EndGlobalSection
	GlobalSection(SolutionProperties) = preSolution
		HideSolutionNode = FALSE
	EndGlobalSection
	GlobalSection(ExtensibilityGlobals) = postSolution
		SolutionGuid = {4DE51CB1-D982-42EA-960D-F1837870E4A8}
	EndGlobalSection
EndGlobal
