
Microsoft Visual Studio Solution File, Format Version 12.00
# Visual Studio 15
VisualStudioVersion = 15.0.27130.2010
MinimumVisualStudioVersion = 10.0.40219.1
Project("{FAE04EC0-301F-11D3-BF4B-00C04F79EFBC}") = "Tracker.Android", "Tracker\Tracker.Android\Tracker.Android.csproj", "{B4F3D902-E2CB-4FBC-AA11-7BBD1950C799}"
EndProject
Project("{FAE04EC0-301F-11D3-BF4B-00C04F79EFBC}") = "Tracker.iOS", "Tracker\Tracker.iOS\Tracker.iOS.csproj", "{D268071E-12A9-4FC6-8454-24E58FB00FE9}"
EndProject
Project("{FAE04EC0-301F-11D3-BF4B-00C04F79EFBC}") = "Tracker.UWP", "Tracker\Tracker.UWP\Tracker.UWP.csproj", "{227FE802-D3AE-4D24-97DD-F2DF623882A7}"
EndProject
Project("{D954291E-2A0B-460D-934E-DC6B0785DB48}") = "Tracker", "Tracker\Tracker\Tracker.shproj", "{298EB608-D752-4E3B-9A73-705BFC0C3303}"
EndProject
Global
	GlobalSection(SharedMSBuildProjectFiles) = preSolution
		Tracker\Tracker\Tracker.projitems*{227fe802-d3ae-4d24-97dd-f2df623882a7}*SharedItemsImports = 4
		Tracker\Tracker\Tracker.projitems*{298eb608-d752-4e3b-9a73-705bfc0c3303}*SharedItemsImports = 13
		Tracker\Tracker\Tracker.projitems*{b4f3d902-e2cb-4fbc-aa11-7bbd1950c799}*SharedItemsImports = 4
		Tracker\Tracker\Tracker.projitems*{d268071e-12a9-4fc6-8454-24e58fb00fe9}*SharedItemsImports = 4
	EndGlobalSection
	GlobalSection(SolutionConfigurationPlatforms) = preSolution
		Ad-Hoc|Any CPU = Ad-Hoc|Any CPU
		Ad-Hoc|ARM = Ad-Hoc|ARM
		Ad-Hoc|iPhone = Ad-Hoc|iPhone
		Ad-Hoc|iPhoneSimulator = Ad-Hoc|iPhoneSimulator
		Ad-Hoc|x64 = Ad-Hoc|x64
		Ad-Hoc|x86 = Ad-Hoc|x86
		AppStore|Any CPU = AppStore|Any CPU
		AppStore|ARM = AppStore|ARM
		AppStore|iPhone = AppStore|iPhone
		AppStore|iPhoneSimulator = AppStore|iPhoneSimulator
		AppStore|x64 = AppStore|x64
		AppStore|x86 = AppStore|x86
		Debug|Any CPU = Debug|Any CPU
		Debug|ARM = Debug|ARM
		Debug|iPhone = Debug|iPhone
		Debug|iPhoneSimulator = Debug|iPhoneSimulator
		Debug|x64 = Debug|x64
		Debug|x86 = Debug|x86
		Release|Any CPU = Release|Any CPU
		Release|ARM = Release|ARM
		Release|iPhone = Release|iPhone
		Release|iPhoneSimulator = Release|iPhoneSimulator
		Release|x64 = Release|x64
		Release|x86 = Release|x86
	EndGlobalSection
	GlobalSection(ProjectConfigurationPlatforms) = postSolution
		{B4F3D902-E2CB-4FBC-AA11-7BBD1950C799}.Ad-Hoc|Any CPU.ActiveCfg = Release|Any CPU
		{B4F3D902-E2CB-4FBC-AA11-7BBD1950C799}.Ad-Hoc|Any CPU.Build.0 = Release|Any CPU
		{B4F3D902-E2CB-4FBC-AA11-7BBD1950C799}.Ad-Hoc|Any CPU.Deploy.0 = Release|Any CPU
		{B4F3D902-E2CB-4FBC-AA11-7BBD1950C799}.Ad-Hoc|ARM.ActiveCfg = Release|Any CPU
		{B4F3D902-E2CB-4FBC-AA11-7BBD1950C799}.Ad-Hoc|ARM.Build.0 = Release|Any CPU
		{B4F3D902-E2CB-4FBC-AA11-7BBD1950C799}.Ad-Hoc|ARM.Deploy.0 = Release|Any CPU
		{B4F3D902-E2CB-4FBC-AA11-7BBD1950C799}.Ad-Hoc|iPhone.ActiveCfg = Release|Any CPU
		{B4F3D902-E2CB-4FBC-AA11-7BBD1950C799}.Ad-Hoc|iPhone.Build.0 = Release|Any CPU
		{B4F3D902-E2CB-4FBC-AA11-7BBD1950C799}.Ad-Hoc|iPhone.Deploy.0 = Release|Any CPU
		{B4F3D902-E2CB-4FBC-AA11-7BBD1950C799}.Ad-Hoc|iPhoneSimulator.ActiveCfg = Release|Any CPU
		{B4F3D902-E2CB-4FBC-AA11-7BBD1950C799}.Ad-Hoc|iPhoneSimulator.Build.0 = Release|Any CPU
		{B4F3D902-E2CB-4FBC-AA11-7BBD1950C799}.Ad-Hoc|iPhoneSimulator.Deploy.0 = Release|Any CPU
		{B4F3D902-E2CB-4FBC-AA11-7BBD1950C799}.Ad-Hoc|x64.ActiveCfg = Release|Any CPU
		{B4F3D902-E2CB-4FBC-AA11-7BBD1950C799}.Ad-Hoc|x64.Build.0 = Release|Any CPU
		{B4F3D902-E2CB-4FBC-AA11-7BBD1950C799}.Ad-Hoc|x64.Deploy.0 = Release|Any CPU
		{B4F3D902-E2CB-4FBC-AA11-7BBD1950C799}.Ad-Hoc|x86.ActiveCfg = Release|Any CPU
		{B4F3D902-E2CB-4FBC-AA11-7BBD1950C799}.Ad-Hoc|x86.Build.0 = Release|Any CPU
		{B4F3D902-E2CB-4FBC-AA11-7BBD1950C799}.Ad-Hoc|x86.Deploy.0 = Release|Any CPU
		{B4F3D902-E2CB-4FBC-AA11-7BBD1950C799}.AppStore|Any CPU.ActiveCfg = Release|Any CPU
		{B4F3D902-E2CB-4FBC-AA11-7BBD1950C799}.AppStore|Any CPU.Build.0 = Release|Any CPU
		{B4F3D902-E2CB-4FBC-AA11-7BBD1950C799}.AppStore|Any CPU.Deploy.0 = Release|Any CPU
		{B4F3D902-E2CB-4FBC-AA11-7BBD1950C799}.AppStore|ARM.ActiveCfg = Release|Any CPU
		{B4F3D902-E2CB-4FBC-AA11-7BBD1950C799}.AppStore|ARM.Build.0 = Release|Any CPU
		{B4F3D902-E2CB-4FBC-AA11-7BBD1950C799}.AppStore|ARM.Deploy.0 = Release|Any CPU
		{B4F3D902-E2CB-4FBC-AA11-7BBD1950C799}.AppStore|iPhone.ActiveCfg = Release|Any CPU
		{B4F3D902-E2CB-4FBC-AA11-7BBD1950C799}.AppStore|iPhone.Build.0 = Release|Any CPU
		{B4F3D902-E2CB-4FBC-AA11-7BBD1950C799}.AppStore|iPhone.Deploy.0 = Release|Any CPU
		{B4F3D902-E2CB-4FBC-AA11-7BBD1950C799}.AppStore|iPhoneSimulator.ActiveCfg = Release|Any CPU
		{B4F3D902-E2CB-4FBC-AA11-7BBD1950C799}.AppStore|iPhoneSimulator.Build.0 = Release|Any CPU
		{B4F3D902-E2CB-4FBC-AA11-7BBD1950C799}.AppStore|iPhoneSimulator.Deploy.0 = Release|Any CPU
		{B4F3D902-E2CB-4FBC-AA11-7BBD1950C799}.AppStore|x64.ActiveCfg = Release|Any CPU
		{B4F3D902-E2CB-4FBC-AA11-7BBD1950C799}.AppStore|x64.Build.0 = Release|Any CPU
		{B4F3D902-E2CB-4FBC-AA11-7BBD1950C799}.AppStore|x64.Deploy.0 = Release|Any CPU
		{B4F3D902-E2CB-4FBC-AA11-7BBD1950C799}.AppStore|x86.ActiveCfg = Release|Any CPU
		{B4F3D902-E2CB-4FBC-AA11-7BBD1950C799}.AppStore|x86.Build.0 = Release|Any CPU
		{B4F3D902-E2CB-4FBC-AA11-7BBD1950C799}.AppStore|x86.Deploy.0 = Release|Any CPU
		{B4F3D902-E2CB-4FBC-AA11-7BBD1950C799}.Debug|Any CPU.ActiveCfg = Debug|Any CPU
		{B4F3D902-E2CB-4FBC-AA11-7BBD1950C799}.Debug|Any CPU.Build.0 = Debug|Any CPU
		{B4F3D902-E2CB-4FBC-AA11-7BBD1950C799}.Debug|Any CPU.Deploy.0 = Debug|Any CPU
		{B4F3D902-E2CB-4FBC-AA11-7BBD1950C799}.Debug|ARM.ActiveCfg = Debug|Any CPU
		{B4F3D902-E2CB-4FBC-AA11-7BBD1950C799}.Debug|ARM.Build.0 = Debug|Any CPU
		{B4F3D902-E2CB-4FBC-AA11-7BBD1950C799}.Debug|ARM.Deploy.0 = Debug|Any CPU
		{B4F3D902-E2CB-4FBC-AA11-7BBD1950C799}.Debug|iPhone.ActiveCfg = Debug|Any CPU
		{B4F3D902-E2CB-4FBC-AA11-7BBD1950C799}.Debug|iPhone.Build.0 = Debug|Any CPU
		{B4F3D902-E2CB-4FBC-AA11-7BBD1950C799}.Debug|iPhone.Deploy.0 = Debug|Any CPU
		{B4F3D902-E2CB-4FBC-AA11-7BBD1950C799}.Debug|iPhoneSimulator.ActiveCfg = Debug|Any CPU
		{B4F3D902-E2CB-4FBC-AA11-7BBD1950C799}.Debug|iPhoneSimulator.Build.0 = Debug|Any CPU
		{B4F3D902-E2CB-4FBC-AA11-7BBD1950C799}.Debug|iPhoneSimulator.Deploy.0 = Debug|Any CPU
		{B4F3D902-E2CB-4FBC-AA11-7BBD1950C799}.Debug|x64.ActiveCfg = Debug|Any CPU
		{B4F3D902-E2CB-4FBC-AA11-7BBD1950C799}.Debug|x64.Build.0 = Debug|Any CPU
		{B4F3D902-E2CB-4FBC-AA11-7BBD1950C799}.Debug|x64.Deploy.0 = Debug|Any CPU
		{B4F3D902-E2CB-4FBC-AA11-7BBD1950C799}.Debug|x86.ActiveCfg = Debug|Any CPU
		{B4F3D902-E2CB-4FBC-AA11-7BBD1950C799}.Debug|x86.Build.0 = Debug|Any CPU
		{B4F3D902-E2CB-4FBC-AA11-7BBD1950C799}.Debug|x86.Deploy.0 = Debug|Any CPU
		{B4F3D902-E2CB-4FBC-AA11-7BBD1950C799}.Release|Any CPU.ActiveCfg = Release|Any CPU
		{B4F3D902-E2CB-4FBC-AA11-7BBD1950C799}.Release|Any CPU.Build.0 = Release|Any CPU
		{B4F3D902-E2CB-4FBC-AA11-7BBD1950C799}.Release|Any CPU.Deploy.0 = Release|Any CPU
		{B4F3D902-E2CB-4FBC-AA11-7BBD1950C799}.Release|ARM.ActiveCfg = Release|Any CPU
		{B4F3D902-E2CB-4FBC-AA11-7BBD1950C799}.Release|ARM.Build.0 = Release|Any CPU
		{B4F3D902-E2CB-4FBC-AA11-7BBD1950C799}.Release|ARM.Deploy.0 = Release|Any CPU
		{B4F3D902-E2CB-4FBC-AA11-7BBD1950C799}.Release|iPhone.ActiveCfg = Release|Any CPU
		{B4F3D902-E2CB-4FBC-AA11-7BBD1950C799}.Release|iPhone.Build.0 = Release|Any CPU
		{B4F3D902-E2CB-4FBC-AA11-7BBD1950C799}.Release|iPhone.Deploy.0 = Release|Any CPU
		{B4F3D902-E2CB-4FBC-AA11-7BBD1950C799}.Release|iPhoneSimulator.ActiveCfg = Release|Any CPU
		{B4F3D902-E2CB-4FBC-AA11-7BBD1950C799}.Release|iPhoneSimulator.Build.0 = Release|Any CPU
		{B4F3D902-E2CB-4FBC-AA11-7BBD1950C799}.Release|iPhoneSimulator.Deploy.0 = Release|Any CPU
		{B4F3D902-E2CB-4FBC-AA11-7BBD1950C799}.Release|x64.ActiveCfg = Release|Any CPU
		{B4F3D902-E2CB-4FBC-AA11-7BBD1950C799}.Release|x64.Build.0 = Release|Any CPU
		{B4F3D902-E2CB-4FBC-AA11-7BBD1950C799}.Release|x64.Deploy.0 = Release|Any CPU
		{B4F3D902-E2CB-4FBC-AA11-7BBD1950C799}.Release|x86.ActiveCfg = Release|Any CPU
		{B4F3D902-E2CB-4FBC-AA11-7BBD1950C799}.Release|x86.Build.0 = Release|Any CPU
		{B4F3D902-E2CB-4FBC-AA11-7BBD1950C799}.Release|x86.Deploy.0 = Release|Any CPU
		{D268071E-12A9-4FC6-8454-24E58FB00FE9}.Ad-Hoc|Any CPU.ActiveCfg = Ad-Hoc|iPhone
		{D268071E-12A9-4FC6-8454-24E58FB00FE9}.Ad-Hoc|ARM.ActiveCfg = Ad-Hoc|iPhone
		{D268071E-12A9-4FC6-8454-24E58FB00FE9}.Ad-Hoc|iPhone.ActiveCfg = Ad-Hoc|iPhone
		{D268071E-12A9-4FC6-8454-24E58FB00FE9}.Ad-Hoc|iPhone.Build.0 = Ad-Hoc|iPhone
		{D268071E-12A9-4FC6-8454-24E58FB00FE9}.Ad-Hoc|iPhoneSimulator.ActiveCfg = Ad-Hoc|iPhoneSimulator
		{D268071E-12A9-4FC6-8454-24E58FB00FE9}.Ad-Hoc|iPhoneSimulator.Build.0 = Ad-Hoc|iPhoneSimulator
		{D268071E-12A9-4FC6-8454-24E58FB00FE9}.Ad-Hoc|x64.ActiveCfg = Ad-Hoc|iPhone
		{D268071E-12A9-4FC6-8454-24E58FB00FE9}.Ad-Hoc|x86.ActiveCfg = Ad-Hoc|iPhone
		{D268071E-12A9-4FC6-8454-24E58FB00FE9}.AppStore|Any CPU.ActiveCfg = AppStore|iPhone
		{D268071E-12A9-4FC6-8454-24E58FB00FE9}.AppStore|ARM.ActiveCfg = AppStore|iPhone
		{D268071E-12A9-4FC6-8454-24E58FB00FE9}.AppStore|iPhone.ActiveCfg = AppStore|iPhone
		{D268071E-12A9-4FC6-8454-24E58FB00FE9}.AppStore|iPhone.Build.0 = AppStore|iPhone
		{D268071E-12A9-4FC6-8454-24E58FB00FE9}.AppStore|iPhoneSimulator.ActiveCfg = AppStore|iPhoneSimulator
		{D268071E-12A9-4FC6-8454-24E58FB00FE9}.AppStore|iPhoneSimulator.Build.0 = AppStore|iPhoneSimulator
		{D268071E-12A9-4FC6-8454-24E58FB00FE9}.AppStore|x64.ActiveCfg = AppStore|iPhone
		{D268071E-12A9-4FC6-8454-24E58FB00FE9}.AppStore|x86.ActiveCfg = AppStore|iPhone
		{D268071E-12A9-4FC6-8454-24E58FB00FE9}.Debug|Any CPU.ActiveCfg = Debug|iPhone
		{D268071E-12A9-4FC6-8454-24E58FB00FE9}.Debug|ARM.ActiveCfg = Debug|iPhone
		{D268071E-12A9-4FC6-8454-24E58FB00FE9}.Debug|iPhone.ActiveCfg = Debug|iPhone
		{D268071E-12A9-4FC6-8454-24E58FB00FE9}.Debug|iPhone.Build.0 = Debug|iPhone
		{D268071E-12A9-4FC6-8454-24E58FB00FE9}.Debug|iPhoneSimulator.ActiveCfg = Debug|iPhoneSimulator
		{D268071E-12A9-4FC6-8454-24E58FB00FE9}.Debug|iPhoneSimulator.Build.0 = Debug|iPhoneSimulator
		{D268071E-12A9-4FC6-8454-24E58FB00FE9}.Debug|x64.ActiveCfg = Debug|iPhone
		{D268071E-12A9-4FC6-8454-24E58FB00FE9}.Debug|x86.ActiveCfg = Debug|iPhone
		{D268071E-12A9-4FC6-8454-24E58FB00FE9}.Release|Any CPU.ActiveCfg = Release|iPhone
		{D268071E-12A9-4FC6-8454-24E58FB00FE9}.Release|ARM.ActiveCfg = Release|iPhone
		{D268071E-12A9-4FC6-8454-24E58FB00FE9}.Release|iPhone.ActiveCfg = Release|iPhone
		{D268071E-12A9-4FC6-8454-24E58FB00FE9}.Release|iPhone.Build.0 = Release|iPhone
		{D268071E-12A9-4FC6-8454-24E58FB00FE9}.Release|iPhoneSimulator.ActiveCfg = Release|iPhoneSimulator
		{D268071E-12A9-4FC6-8454-24E58FB00FE9}.Release|iPhoneSimulator.Build.0 = Release|iPhoneSimulator
		{D268071E-12A9-4FC6-8454-24E58FB00FE9}.Release|x64.ActiveCfg = Release|iPhone
		{D268071E-12A9-4FC6-8454-24E58FB00FE9}.Release|x86.ActiveCfg = Release|iPhone
		{227FE802-D3AE-4D24-97DD-F2DF623882A7}.Ad-Hoc|Any CPU.ActiveCfg = Release|x86
		{227FE802-D3AE-4D24-97DD-F2DF623882A7}.Ad-Hoc|Any CPU.Build.0 = Release|x86
		{227FE802-D3AE-4D24-97DD-F2DF623882A7}.Ad-Hoc|Any CPU.Deploy.0 = Release|x86
		{227FE802-D3AE-4D24-97DD-F2DF623882A7}.Ad-Hoc|ARM.ActiveCfg = Release|ARM
		{227FE802-D3AE-4D24-97DD-F2DF623882A7}.Ad-Hoc|ARM.Build.0 = Release|ARM
		{227FE802-D3AE-4D24-97DD-F2DF623882A7}.Ad-Hoc|ARM.Deploy.0 = Release|ARM
		{227FE802-D3AE-4D24-97DD-F2DF623882A7}.Ad-Hoc|iPhone.ActiveCfg = Release|x86
		{227FE802-D3AE-4D24-97DD-F2DF623882A7}.Ad-Hoc|iPhone.Build.0 = Release|x86
		{227FE802-D3AE-4D24-97DD-F2DF623882A7}.Ad-Hoc|iPhone.Deploy.0 = Release|x86
		{227FE802-D3AE-4D24-97DD-F2DF623882A7}.Ad-Hoc|iPhoneSimulator.ActiveCfg = Release|x86
		{227FE802-D3AE-4D24-97DD-F2DF623882A7}.Ad-Hoc|iPhoneSimulator.Build.0 = Release|x86
		{227FE802-D3AE-4D24-97DD-F2DF623882A7}.Ad-Hoc|iPhoneSimulator.Deploy.0 = Release|x86
		{227FE802-D3AE-4D24-97DD-F2DF623882A7}.Ad-Hoc|x64.ActiveCfg = Release|x64
		{227FE802-D3AE-4D24-97DD-F2DF623882A7}.Ad-Hoc|x64.Build.0 = Release|x64
		{227FE802-D3AE-4D24-97DD-F2DF623882A7}.Ad-Hoc|x64.Deploy.0 = Release|x64
		{227FE802-D3AE-4D24-97DD-F2DF623882A7}.Ad-Hoc|x86.ActiveCfg = Release|x86
		{227FE802-D3AE-4D24-97DD-F2DF623882A7}.Ad-Hoc|x86.Build.0 = Release|x86
		{227FE802-D3AE-4D24-97DD-F2DF623882A7}.Ad-Hoc|x86.Deploy.0 = Release|x86
		{227FE802-D3AE-4D24-97DD-F2DF623882A7}.AppStore|Any CPU.ActiveCfg = Release|x86
		{227FE802-D3AE-4D24-97DD-F2DF623882A7}.AppStore|Any CPU.Build.0 = Release|x86
		{227FE802-D3AE-4D24-97DD-F2DF623882A7}.AppStore|Any CPU.Deploy.0 = Release|x86
		{227FE802-D3AE-4D24-97DD-F2DF623882A7}.AppStore|ARM.ActiveCfg = Release|ARM
		{227FE802-D3AE-4D24-97DD-F2DF623882A7}.AppStore|ARM.Build.0 = Release|ARM
		{227FE802-D3AE-4D24-97DD-F2DF623882A7}.AppStore|ARM.Deploy.0 = Release|ARM
		{227FE802-D3AE-4D24-97DD-F2DF623882A7}.AppStore|iPhone.ActiveCfg = Release|x86
		{227FE802-D3AE-4D24-97DD-F2DF623882A7}.AppStore|iPhone.Build.0 = Release|x86
		{227FE802-D3AE-4D24-97DD-F2DF623882A7}.AppStore|iPhone.Deploy.0 = Release|x86
		{227FE802-D3AE-4D24-97DD-F2DF623882A7}.AppStore|iPhoneSimulator.ActiveCfg = Release|x86
		{227FE802-D3AE-4D24-97DD-F2DF623882A7}.AppStore|iPhoneSimulator.Build.0 = Release|x86
		{227FE802-D3AE-4D24-97DD-F2DF623882A7}.AppStore|iPhoneSimulator.Deploy.0 = Release|x86
		{227FE802-D3AE-4D24-97DD-F2DF623882A7}.AppStore|x64.ActiveCfg = Release|x64
		{227FE802-D3AE-4D24-97DD-F2DF623882A7}.AppStore|x64.Build.0 = Release|x64
		{227FE802-D3AE-4D24-97DD-F2DF623882A7}.AppStore|x64.Deploy.0 = Release|x64
		{227FE802-D3AE-4D24-97DD-F2DF623882A7}.AppStore|x86.ActiveCfg = Release|x86
		{227FE802-D3AE-4D24-97DD-F2DF623882A7}.AppStore|x86.Build.0 = Release|x86
		{227FE802-D3AE-4D24-97DD-F2DF623882A7}.AppStore|x86.Deploy.0 = Release|x86
		{227FE802-D3AE-4D24-97DD-F2DF623882A7}.Debug|Any CPU.ActiveCfg = Debug|x86
		{227FE802-D3AE-4D24-97DD-F2DF623882A7}.Debug|ARM.ActiveCfg = Debug|ARM
		{227FE802-D3AE-4D24-97DD-F2DF623882A7}.Debug|ARM.Build.0 = Debug|ARM
		{227FE802-D3AE-4D24-97DD-F2DF623882A7}.Debug|ARM.Deploy.0 = Debug|ARM
		{227FE802-D3AE-4D24-97DD-F2DF623882A7}.Debug|iPhone.ActiveCfg = Debug|x86
		{227FE802-D3AE-4D24-97DD-F2DF623882A7}.Debug|iPhoneSimulator.ActiveCfg = Debug|x86
		{227FE802-D3AE-4D24-97DD-F2DF623882A7}.Debug|x64.ActiveCfg = Debug|x64
		{227FE802-D3AE-4D24-97DD-F2DF623882A7}.Debug|x64.Build.0 = Debug|x64
		{227FE802-D3AE-4D24-97DD-F2DF623882A7}.Debug|x64.Deploy.0 = Debug|x64
		{227FE802-D3AE-4D24-97DD-F2DF623882A7}.Debug|x86.ActiveCfg = Debug|x86
		{227FE802-D3AE-4D24-97DD-F2DF623882A7}.Debug|x86.Build.0 = Debug|x86
		{227FE802-D3AE-4D24-97DD-F2DF623882A7}.Debug|x86.Deploy.0 = Debug|x86
		{227FE802-D3AE-4D24-97DD-F2DF623882A7}.Release|Any CPU.ActiveCfg = Release|x86
		{227FE802-D3AE-4D24-97DD-F2DF623882A7}.Release|ARM.ActiveCfg = Release|ARM
		{227FE802-D3AE-4D24-97DD-F2DF623882A7}.Release|ARM.Build.0 = Release|ARM
		{227FE802-D3AE-4D24-97DD-F2DF623882A7}.Release|ARM.Deploy.0 = Release|ARM
		{227FE802-D3AE-4D24-97DD-F2DF623882A7}.Release|iPhone.ActiveCfg = Release|x86
		{227FE802-D3AE-4D24-97DD-F2DF623882A7}.Release|iPhoneSimulator.ActiveCfg = Release|x86
		{227FE802-D3AE-4D24-97DD-F2DF623882A7}.Release|x64.ActiveCfg = Release|x64
		{227FE802-D3AE-4D24-97DD-F2DF623882A7}.Release|x64.Build.0 = Release|x64
		{227FE802-D3AE-4D24-97DD-F2DF623882A7}.Release|x64.Deploy.0 = Release|x64
		{227FE802-D3AE-4D24-97DD-F2DF623882A7}.Release|x86.ActiveCfg = Release|x86
		{227FE802-D3AE-4D24-97DD-F2DF623882A7}.Release|x86.Build.0 = Release|x86
		{227FE802-D3AE-4D24-97DD-F2DF623882A7}.Release|x86.Deploy.0 = Release|x86
	EndGlobalSection
	GlobalSection(SolutionProperties) = preSolution
		HideSolutionNode = FALSE
	EndGlobalSection
	GlobalSection(ExtensibilityGlobals) = postSolution
		SolutionGuid = {5DD9EC82-D7F9-4F82-95B6-949EF87D3B12}
	EndGlobalSection
EndGlobal
